
Microsoft Visual Studio Solution File, Format Version 12.00
# Visual Studio Version 16
VisualStudioVersion = 16.0.29613.14
MinimumVisualStudioVersion = 10.0.40219.1
Project("{FAE04EC0-301F-11D3-BF4B-00C04F79EFBC}") = "UsersApp", "UsersApp.csproj", "{835CE5FF-B377-4873-BCCA-DF28D78D385C}"
EndProject
Global
	GlobalSection(SolutionConfigurationPlatforms) = preSolution
		Debug|Any CPU = Debug|Any CPU
		Release|Any CPU = Release|Any CPU
	EndGlobalSection
	GlobalSection(ProjectConfigurationPlatforms) = postSolution
		{835CE5FF-B377-4873-BCCA-DF28D78D385C}.Debug|Any CPU.ActiveCfg = Debug|Any CPU
		{835CE5FF-B377-4873-BCCA-DF28D78D385C}.Debug|Any CPU.Build.0 = Debug|Any CPU
		{835CE5FF-B377-4873-BCCA-DF28D78D385C}.Release|Any CPU.ActiveCfg = Release|Any CPU
		{835CE5FF-B377-4873-BCCA-DF28D78D385C}.Release|Any CPU.Build.0 = Release|Any CPU
	EndGlobalSection
	GlobalSection(SolutionProperties) = preSolution
		HideSolutionNode = FALSE
	EndGlobalSection
	GlobalSection(ExtensibilityGlobals) = postSolution
		SolutionGuid = {BD6B62EC-AE73-46F0-9FFC-D7CEF62BAF3C}
	EndGlobalSection
EndGlobal
